<?xml version="1.0" encoding="utf-8"?>
<Project ToolsVersion="4.0" xmlns="http://schemas.microsoft.com/developer/msbuild/2003">
  <ItemGroup>
    <None Include="Scripts\Makefile" />
  </ItemGroup>
  <ItemGroup>
    <Filter Include="Generated Files">
      <UniqueIdentifier>{bc004128-15c7-4006-84de-48bc6e544ba8}</UniqueIdentifier>
    </Filter>
  </ItemGroup>
  <ItemGroup>
    <ClCompile Include="..\Scripts\error.c">
      <Filter>Generated Files</Filter>
    </ClCompile>
    <ClCompile Include="..\errorspu_init.c" />
  </ItemGroup>
</Project>