
Microsoft Visual Studio Solution File, Format Version 12.00
# Visual Studio 14
VisualStudioVersion = 14.0.25420.1
MinimumVisualStudioVersion = 10.0.40219.1
Project("{8BC9CEB8-8B4A-11D0-8D11-00A0C91BC942}") = "RTR3_UTIL_HOST", "..\RTR3\RTR3_UTIL_HOST.vcxproj", "{FCCC9643-489B-461F-8FF8-AD5B163DB55B}"
EndProject
Project("{8BC9CEB8-8B4A-11D0-8D11-00A0C91BC942}") = "util_host", "..\util\util_host.vcxproj", "{3C7623B1-F758-4A44-A957-587CD71087A1}"
EndProject
Project("{2150E333-8FDC-42A3-9474-1A3956D46DE8}") = "packer", "packer", "{5C008E90-615C-4823-9F43-41995C83AA50}"
EndProject
Project("{8BC9CEB8-8B4A-11D0-8D11-00A0C91BC942}") = "packer_host", "..\packer\packer_host.vcxproj", "{DF1A2C05-EB0F-4024-BE00-199DF635BA9D}"
EndProject
Project("{2150E333-8FDC-42A3-9474-1A3956D46DE8}") = "loader", "loader", "{B4EFA66C-F8DA-4ED4-A332-1284585A25A6}"
EndProject
Project("{2150E333-8FDC-42A3-9474-1A3956D46DE8}") = "state", "state", "{43274204-57F1-4D68-BA43-F5AF187965E7}"
EndProject
Project("{8BC9CEB8-8B4A-11D0-8D11-00A0C91BC942}") = "state_tracker_host", "..\state_tracker\state_tracker_host.vcxproj", "{3DA6A9E8-29A3-4112-9AA4-76E237C6DB70}"
EndProject
Project("{2150E333-8FDC-42A3-9474-1A3956D46DE8}") = "error", "error", "{A11AC1AE-2575-4C2B-AA81-AC7FF33B4F05}"
EndProject
Project("{8BC9CEB8-8B4A-11D0-8D11-00A0C91BC942}") = "OXThosterrorspu", "..\error_spu\error_spu_host.vcxproj", "{D96C7893-CA33-4ACB-9D73-338268A7424B}"
EndProject
Project("{8BC9CEB8-8B4A-11D0-8D11-00A0C91BC942}") = "spu_loader_host", "..\spu_loader\spu_loader_host.vcxproj", "{F90FD8E2-6BF3-40DE-938D-EFF54D71F236}"
EndProject
Project("{2150E333-8FDC-42A3-9474-1A3956D46DE8}") = "host", "host", "{D7DBA2E2-E781-4299-9A4D-35CD877B9335}"
EndProject
Project("{8BC9CEB8-8B4A-11D0-8D11-00A0C91BC942}") = "ClientDll", "ClientDll.vcxproj", "{878D809F-F102-463D-97F9-D12F1B210E4C}"
EndProject
Project("{8BC9CEB8-8B4A-11D0-8D11-00A0C91BC942}") = "serverLib", "..\serverLib\serverLib.vcxproj", "{33BD8557-193E-45F8-AF67-BCBC9D4C72FF}"
EndProject
Project("{2150E333-8FDC-42A3-9474-1A3956D46DE8}") = "unpacker", "unpacker", "{B57C43AC-C643-4D7B-8E31-EDC6138A762E}"
EndProject
Project("{8BC9CEB8-8B4A-11D0-8D11-00A0C91BC942}") = "unpacker_host", "..\unpacker\unpacker_host.vcxproj", "{3D67E3DF-0739-4210-81EB-9072ED1604C7}"
EndProject
Project("{2150E333-8FDC-42A3-9474-1A3956D46DE8}") = "render", "render", "{A8153899-AF06-41E5-BBD3-52C7EEFE4F7B}"
EndProject
Project("{8BC9CEB8-8B4A-11D0-8D11-00A0C91BC942}") = "OXTrenderspu", "..\render_spu\render_host.vcxproj", "{4ECBE85D-E3AB-497D-A019-8FB5A6E5F90F}"
	ProjectSection(ProjectDependencies) = postProject
		{F90FD8E2-6BF3-40DE-938D-EFF54D71F236} = {F90FD8E2-6BF3-40DE-938D-EFF54D71F236}
	EndProjectSection
EndProject
Project("{2150E333-8FDC-42A3-9474-1A3956D46DE8}") = "Host App", "Host App", "{0CD3CB34-D9BB-48BF-B213-FAE3AB785B95}"
EndProject
Project("{8BC9CEB8-8B4A-11D0-8D11-00A0C91BC942}") = "HostApp", "..\HostApp\HostApp.vcxproj", "{686F8BFE-F58C-4FDD-BE20-7D442BA7DC0B}"
	ProjectSection(ProjectDependencies) = postProject
		{878D809F-F102-463D-97F9-D12F1B210E4C} = {878D809F-F102-463D-97F9-D12F1B210E4C}
	EndProjectSection
EndProject
Project("{2150E333-8FDC-42A3-9474-1A3956D46DE8}") = "dlm", "dlm", "{DC607EE4-8BEB-4FC9-AA22-A1E76949CC08}"
EndProject
Global
	GlobalSection(SolutionConfigurationPlatforms) = preSolution
		Debug|x64 = Debug|x64
		Debug|x86 = Debug|x86
		Release|x64 = Release|x64
		Release|x86 = Release|x86
	EndGlobalSection
	GlobalSection(ProjectConfigurationPlatforms) = postSolution
		{FCCC9643-489B-461F-8FF8-AD5B163DB55B}.Debug|x64.ActiveCfg = Debug|x64
		{FCCC9643-489B-461F-8FF8-AD5B163DB55B}.Debug|x64.Build.0 = Debug|x64
		{FCCC9643-489B-461F-8FF8-AD5B163DB55B}.Debug|x86.ActiveCfg = Debug|Win32
		{FCCC9643-489B-461F-8FF8-AD5B163DB55B}.Debug|x86.Build.0 = Debug|Win32
		{FCCC9643-489B-461F-8FF8-AD5B163DB55B}.Release|x64.ActiveCfg = Release|x64
		{FCCC9643-489B-461F-8FF8-AD5B163DB55B}.Release|x64.Build.0 = Release|x64
		{FCCC9643-489B-461F-8FF8-AD5B163DB55B}.Release|x86.ActiveCfg = Release|Win32
		{FCCC9643-489B-461F-8FF8-AD5B163DB55B}.Release|x86.Build.0 = Release|Win32
		{3C7623B1-F758-4A44-A957-587CD71087A1}.Debug|x64.ActiveCfg = Debug|x64
		{3C7623B1-F758-4A44-A957-587CD71087A1}.Debug|x64.Build.0 = Debug|x64
		{3C7623B1-F758-4A44-A957-587CD71087A1}.Debug|x86.ActiveCfg = Debug|Win32
		{3C7623B1-F758-4A44-A957-587CD71087A1}.Debug|x86.Build.0 = Debug|Win32
		{3C7623B1-F758-4A44-A957-587CD71087A1}.Release|x64.ActiveCfg = Release|x64
		{3C7623B1-F758-4A44-A957-587CD71087A1}.Release|x64.Build.0 = Release|x64
		{3C7623B1-F758-4A44-A957-587CD71087A1}.Release|x64.Deploy.0 = Release|x64
		{3C7623B1-F758-4A44-A957-587CD71087A1}.Release|x86.ActiveCfg = Release|Win32
		{3C7623B1-F758-4A44-A957-587CD71087A1}.Release|x86.Build.0 = Release|Win32
		{DF1A2C05-EB0F-4024-BE00-199DF635BA9D}.Debug|x64.ActiveCfg = Debug|x64
		{DF1A2C05-EB0F-4024-BE00-199DF635BA9D}.Debug|x64.Build.0 = Debug|x64
		{DF1A2C05-EB0F-4024-BE00-199DF635BA9D}.Debug|x86.ActiveCfg = Debug|Win32
		{DF1A2C05-EB0F-4024-BE00-199DF635BA9D}.Debug|x86.Build.0 = Debug|Win32
		{DF1A2C05-EB0F-4024-BE00-199DF635BA9D}.Release|x64.ActiveCfg = Release|x64
		{DF1A2C05-EB0F-4024-BE00-199DF635BA9D}.Release|x64.Build.0 = Release|x64
		{DF1A2C05-EB0F-4024-BE00-199DF635BA9D}.Release|x86.ActiveCfg = Release|Win32
		{DF1A2C05-EB0F-4024-BE00-199DF635BA9D}.Release|x86.Build.0 = Release|Win32
		{3DA6A9E8-29A3-4112-9AA4-76E237C6DB70}.Debug|x64.ActiveCfg = Debug|x64
		{3DA6A9E8-29A3-4112-9AA4-76E237C6DB70}.Debug|x64.Build.0 = Debug|x64
		{3DA6A9E8-29A3-4112-9AA4-76E237C6DB70}.Debug|x86.ActiveCfg = Debug|Win32
		{3DA6A9E8-29A3-4112-9AA4-76E237C6DB70}.Debug|x86.Build.0 = Debug|Win32
		{3DA6A9E8-29A3-4112-9AA4-76E237C6DB70}.Release|x64.ActiveCfg = Release|x64
		{3DA6A9E8-29A3-4112-9AA4-76E237C6DB70}.Release|x64.Build.0 = Release|x64
		{3DA6A9E8-29A3-4112-9AA4-76E237C6DB70}.Release|x86.ActiveCfg = Release|Win32
		{3DA6A9E8-29A3-4112-9AA4-76E237C6DB70}.Release|x86.Build.0 = Release|Win32
		{D96C7893-CA33-4ACB-9D73-338268A7424B}.Debug|x64.ActiveCfg = Debug|x64
		{D96C7893-CA33-4ACB-9D73-338268A7424B}.Debug|x64.Build.0 = Debug|x64
		{D96C7893-CA33-4ACB-9D73-338268A7424B}.Debug|x86.ActiveCfg = Debug|Win32
		{D96C7893-CA33-4ACB-9D73-338268A7424B}.Debug|x86.Build.0 = Debug|Win32
		{D96C7893-CA33-4ACB-9D73-338268A7424B}.Release|x64.ActiveCfg = Release|x64
		{D96C7893-CA33-4ACB-9D73-338268A7424B}.Release|x64.Build.0 = Release|x64
		{D96C7893-CA33-4ACB-9D73-338268A7424B}.Release|x86.ActiveCfg = Release|Win32
		{D96C7893-CA33-4ACB-9D73-338268A7424B}.Release|x86.Build.0 = Release|Win32
		{F90FD8E2-6BF3-40DE-938D-EFF54D71F236}.Debug|x64.ActiveCfg = Debug|x64
		{F90FD8E2-6BF3-40DE-938D-EFF54D71F236}.Debug|x64.Build.0 = Debug|x64
		{F90FD8E2-6BF3-40DE-938D-EFF54D71F236}.Debug|x86.ActiveCfg = Debug|Win32
		{F90FD8E2-6BF3-40DE-938D-EFF54D71F236}.Debug|x86.Build.0 = Debug|Win32
		{F90FD8E2-6BF3-40DE-938D-EFF54D71F236}.Release|x64.ActiveCfg = Release|x64
		{F90FD8E2-6BF3-40DE-938D-EFF54D71F236}.Release|x64.Build.0 = Release|x64
		{F90FD8E2-6BF3-40DE-938D-EFF54D71F236}.Release|x86.ActiveCfg = Release|Win32
		{F90FD8E2-6BF3-40DE-938D-EFF54D71F236}.Release|x86.Build.0 = Release|Win32
		{878D809F-F102-463D-97F9-D12F1B210E4C}.Debug|x64.ActiveCfg = Debug|x64
		{878D809F-F102-463D-97F9-D12F1B210E4C}.Debug|x64.Build.0 = Debug|x64
		{878D809F-F102-463D-97F9-D12F1B210E4C}.Debug|x86.ActiveCfg = Debug|Win32
		{878D809F-F102-463D-97F9-D12F1B210E4C}.Debug|x86.Build.0 = Debug|Win32
		{878D809F-F102-463D-97F9-D12F1B210E4C}.Release|x64.ActiveCfg = Release|x64
		{878D809F-F102-463D-97F9-D12F1B210E4C}.Release|x64.Build.0 = Release|x64
		{878D809F-F102-463D-97F9-D12F1B210E4C}.Release|x86.ActiveCfg = Release|Win32
		{878D809F-F102-463D-97F9-D12F1B210E4C}.Release|x86.Build.0 = Release|Win32
		{33BD8557-193E-45F8-AF67-BCBC9D4C72FF}.Debug|x64.ActiveCfg = Debug|x64
		{33BD8557-193E-45F8-AF67-BCBC9D4C72FF}.Debug|x64.Build.0 = Debug|x64
		{33BD8557-193E-45F8-AF67-BCBC9D4C72FF}.Debug|x86.ActiveCfg = Debug|Win32
		{33BD8557-193E-45F8-AF67-BCBC9D4C72FF}.Debug|x86.Build.0 = Debug|Win32
		{33BD8557-193E-45F8-AF67-BCBC9D4C72FF}.Release|x64.ActiveCfg = Release|x64
		{33BD8557-193E-45F8-AF67-BCBC9D4C72FF}.Release|x64.Build.0 = Release|x64
		{33BD8557-193E-45F8-AF67-BCBC9D4C72FF}.Release|x86.ActiveCfg = Release|Win32
		{33BD8557-193E-45F8-AF67-BCBC9D4C72FF}.Release|x86.Build.0 = Release|Win32
		{3D67E3DF-0739-4210-81EB-9072ED1604C7}.Debug|x64.ActiveCfg = Debug|x64
		{3D67E3DF-0739-4210-81EB-9072ED1604C7}.Debug|x64.Build.0 = Debug|x64
		{3D67E3DF-0739-4210-81EB-9072ED1604C7}.Debug|x86.ActiveCfg = Debug|Win32
		{3D67E3DF-0739-4210-81EB-9072ED1604C7}.Debug|x86.Build.0 = Debug|Win32
		{3D67E3DF-0739-4210-81EB-9072ED1604C7}.Release|x64.ActiveCfg = Release|x64
		{3D67E3DF-0739-4210-81EB-9072ED1604C7}.Release|x64.Build.0 = Release|x64
		{3D67E3DF-0739-4210-81EB-9072ED1604C7}.Release|x86.ActiveCfg = Release|Win32
		{3D67E3DF-0739-4210-81EB-9072ED1604C7}.Release|x86.Build.0 = Release|Win32
		{4ECBE85D-E3AB-497D-A019-8FB5A6E5F90F}.Debug|x64.ActiveCfg = Debug|x64
		{4ECBE85D-E3AB-497D-A019-8FB5A6E5F90F}.Debug|x64.Build.0 = Debug|x64
		{4ECBE85D-E3AB-497D-A019-8FB5A6E5F90F}.Debug|x86.ActiveCfg = Debug|Win32
		{4ECBE85D-E3AB-497D-A019-8FB5A6E5F90F}.Debug|x86.Build.0 = Debug|Win32
		{4ECBE85D-E3AB-497D-A019-8FB5A6E5F90F}.Release|x64.ActiveCfg = Release|x64
		{4ECBE85D-E3AB-497D-A019-8FB5A6E5F90F}.Release|x64.Build.0 = Release|x64
		{4ECBE85D-E3AB-497D-A019-8FB5A6E5F90F}.Release|x86.ActiveCfg = Release|Win32
		{4ECBE85D-E3AB-497D-A019-8FB5A6E5F90F}.Release|x86.Build.0 = Release|Win32
		{686F8BFE-F58C-4FDD-BE20-7D442BA7DC0B}.Debug|x64.ActiveCfg = Debug|x64
		{686F8BFE-F58C-4FDD-BE20-7D442BA7DC0B}.Debug|x64.Build.0 = Debug|x64
		{686F8BFE-F58C-4FDD-BE20-7D442BA7DC0B}.Debug|x86.ActiveCfg = Debug|Win32
		{686F8BFE-F58C-4FDD-BE20-7D442BA7DC0B}.Debug|x86.Build.0 = Debug|Win32
		{686F8BFE-F58C-4FDD-BE20-7D442BA7DC0B}.Release|x64.ActiveCfg = Release|x64
		{686F8BFE-F58C-4FDD-BE20-7D442BA7DC0B}.Release|x64.Build.0 = Release|x64
		{686F8BFE-F58C-4FDD-BE20-7D442BA7DC0B}.Release|x86.ActiveCfg = Release|Win32
		{686F8BFE-F58C-4FDD-BE20-7D442BA7DC0B}.Release|x86.Build.0 = Release|Win32
	EndGlobalSection
	GlobalSection(SolutionProperties) = preSolution
		HideSolutionNode = FALSE
	EndGlobalSection
	GlobalSection(NestedProjects) = preSolution
		{DF1A2C05-EB0F-4024-BE00-199DF635BA9D} = {5C008E90-615C-4823-9F43-41995C83AA50}
		{3DA6A9E8-29A3-4112-9AA4-76E237C6DB70} = {43274204-57F1-4D68-BA43-F5AF187965E7}
		{D96C7893-CA33-4ACB-9D73-338268A7424B} = {A11AC1AE-2575-4C2B-AA81-AC7FF33B4F05}
		{F90FD8E2-6BF3-40DE-938D-EFF54D71F236} = {B4EFA66C-F8DA-4ED4-A332-1284585A25A6}
		{878D809F-F102-463D-97F9-D12F1B210E4C} = {D7DBA2E2-E781-4299-9A4D-35CD877B9335}
		{33BD8557-193E-45F8-AF67-BCBC9D4C72FF} = {D7DBA2E2-E781-4299-9A4D-35CD877B9335}
		{3D67E3DF-0739-4210-81EB-9072ED1604C7} = {B57C43AC-C643-4D7B-8E31-EDC6138A762E}
		{4ECBE85D-E3AB-497D-A019-8FB5A6E5F90F} = {A8153899-AF06-41E5-BBD3-52C7EEFE4F7B}
		{686F8BFE-F58C-4FDD-BE20-7D442BA7DC0B} = {0CD3CB34-D9BB-48BF-B213-FAE3AB785B95}
	EndGlobalSection
EndGlobal
