
Microsoft Visual Studio Solution File, Format Version 12.00
# Visual Studio 14
VisualStudioVersion = 14.0.25420.1
MinimumVisualStudioVersion = 10.0.40219.1
Project("{8BC9CEB8-8B4A-11D0-8D11-00A0C91BC942}") = "crogl", "..\crogl.vcxproj", "{8583656C-5F50-450D-A76B-B270D0AD23FB}"
EndProject
Project("{8BC9CEB8-8B4A-11D0-8D11-00A0C91BC942}") = "packer", "..\..\packer\packer_guest\packer.vcxproj", "{74A131AE-00B8-4EAC-A88D-522D101AFFB3}"
EndProject
Project("{8BC9CEB8-8B4A-11D0-8D11-00A0C91BC942}") = "spu_loader", "..\..\spu_loader\spu_loader_guest\spu_loader.vcxproj", "{D38CBD69-C4B6-4B5B-BD5C-DA6C0D5BDA54}"
EndProject
Project("{8BC9CEB8-8B4A-11D0-8D11-00A0C91BC942}") = "state_tracker_client", "..\..\state_tracker\state_tracker_guest\state_tracker_client.vcxproj", "{9E01FD92-FD10-4E2B-B2A4-6F7D232537A1}"
EndProject
Project("{8BC9CEB8-8B4A-11D0-8D11-00A0C91BC942}") = "OXTarrayspu", "..\..\array_spu\array_spu.vcxproj", "{41FC7AFF-C6C7-4B17-83DE-845F32F71567}"
EndProject
Project("{8BC9CEB8-8B4A-11D0-8D11-00A0C91BC942}") = "OXTerrorspu", "..\..\error_spu\error_spu_guest\error_spu.vcxproj", "{3AC1B75F-B6E5-4D06-96A5-37DF07261530}"
EndProject
Project("{8BC9CEB8-8B4A-11D0-8D11-00A0C91BC942}") = "OXTfeedbackspu", "..\..\feedback_spu\feedback_spu.vcxproj", "{6B3A2E40-DA36-4E88-8266-F740C8AC5067}"
	ProjectSection(ProjectDependencies) = postProject
		{EEE24F09-4526-4AB6-A6F4-8F5AC44E4557} = {EEE24F09-4526-4AB6-A6F4-8F5AC44E4557}
	EndProjectSection
EndProject
Project("{8BC9CEB8-8B4A-11D0-8D11-00A0C91BC942}") = "OXTpackspu", "..\..\pack_spu\pack_spu.vcxproj", "{E942FD32-DB3F-4C40-AEEE-D10350FAD15D}"
	ProjectSection(ProjectDependencies) = postProject
		{EEE24F09-4526-4AB6-A6F4-8F5AC44E4557} = {EEE24F09-4526-4AB6-A6F4-8F5AC44E4557}
	EndProjectSection
EndProject
Project("{8BC9CEB8-8B4A-11D0-8D11-00A0C91BC942}") = "OXTpassthroughspu", "..\..\passthrough_spu\passthrough_spu.vcxproj", "{C47A4EBA-7B59-492D-AA9C-CB99A4CD1E8B}"
EndProject
Project("{2150E333-8FDC-42A3-9474-1A3956D46DE8}") = "OpenGL", "OpenGL", "{15291E7E-1C0A-4251-AA0D-FE52300F6B5C}"
EndProject
Project("{2150E333-8FDC-42A3-9474-1A3956D46DE8}") = "Guest Packer", "Guest Packer", "{8B9D5475-7205-48B9-BDB4-926071D2A295}"
EndProject
Project("{2150E333-8FDC-42A3-9474-1A3956D46DE8}") = "Guest State", "Guest State", "{DA90BC98-CE92-4786-973F-B53E95E27689}"
EndProject
Project("{2150E333-8FDC-42A3-9474-1A3956D46DE8}") = "Guest Loader", "Guest Loader", "{915D535D-7165-4069-878B-592F9395C17E}"
EndProject
Project("{2150E333-8FDC-42A3-9474-1A3956D46DE8}") = "Guest Error", "Guest Error", "{F40EF68A-65E5-4245-9743-D9B1A37F3A86}"
EndProject
Project("{2150E333-8FDC-42A3-9474-1A3956D46DE8}") = "Guest Passthrough", "Guest Passthrough", "{07630A3F-4F79-4286-A295-48DBB4AEE99C}"
EndProject
Project("{2150E333-8FDC-42A3-9474-1A3956D46DE8}") = "Guest pack_spu", "Guest pack_spu", "{C23185D1-446A-4813-B83D-76827DBD4A38}"
EndProject
Project("{2150E333-8FDC-42A3-9474-1A3956D46DE8}") = "Guest Array spu", "Guest Array spu", "{1652AF20-47C7-45A9-8A94-3E69A4083F6B}"
EndProject
Project("{2150E333-8FDC-42A3-9474-1A3956D46DE8}") = "Guest Feedback spu", "Guest Feedback spu", "{6132498C-631B-49B6-8F30-A1A0ED52327F}"
EndProject
Project("{2150E333-8FDC-42A3-9474-1A3956D46DE8}") = "Apps and Benchmarks", "Apps and Benchmarks", "{3EF24863-48FD-48D9-958E-FB2F2491C037}"
EndProject
Project("{8BC9CEB8-8B4A-11D0-8D11-00A0C91BC942}") = "GLMark", "..\..\GLMark\GLMark.vcxproj", "{F6F295BD-754A-4B34-A468-BB66E0BEEFF5}"
EndProject
Project("{8BC9CEB8-8B4A-11D0-8D11-00A0C91BC942}") = "RTR3_UTIL", "..\..\RTR3\Guest\RTR3_UTIL.vcxproj", "{56AA9E2D-31D9-4E2A-AE9B-A508F830B7A3}"
EndProject
Project("{8BC9CEB8-8B4A-11D0-8D11-00A0C91BC942}") = "CRUtil", "..\..\util\guest_util\guest_util.vcxproj", "{EEE24F09-4526-4AB6-A6F4-8F5AC44E4557}"
EndProject
Global
	GlobalSection(SolutionConfigurationPlatforms) = preSolution
		Debug|Win32 = Debug|Win32
		Debug|x64 = Debug|x64
		Release|Win32 = Release|Win32
		Release|x64 = Release|x64
	EndGlobalSection
	GlobalSection(ProjectConfigurationPlatforms) = postSolution
		{8583656C-5F50-450D-A76B-B270D0AD23FB}.Debug|Win32.ActiveCfg = Debug|Win32
		{8583656C-5F50-450D-A76B-B270D0AD23FB}.Debug|Win32.Build.0 = Debug|Win32
		{8583656C-5F50-450D-A76B-B270D0AD23FB}.Debug|Win32.Deploy.0 = Debug|Win32
		{8583656C-5F50-450D-A76B-B270D0AD23FB}.Debug|x64.ActiveCfg = Debug|x64
		{8583656C-5F50-450D-A76B-B270D0AD23FB}.Debug|x64.Build.0 = Debug|x64
		{8583656C-5F50-450D-A76B-B270D0AD23FB}.Release|Win32.ActiveCfg = Release|Win32
		{8583656C-5F50-450D-A76B-B270D0AD23FB}.Release|Win32.Build.0 = Release|Win32
		{8583656C-5F50-450D-A76B-B270D0AD23FB}.Release|Win32.Deploy.0 = Release|Win32
		{8583656C-5F50-450D-A76B-B270D0AD23FB}.Release|x64.ActiveCfg = Release|x64
		{8583656C-5F50-450D-A76B-B270D0AD23FB}.Release|x64.Build.0 = Release|x64
		{8583656C-5F50-450D-A76B-B270D0AD23FB}.Release|x64.Deploy.0 = Release|x64
		{74A131AE-00B8-4EAC-A88D-522D101AFFB3}.Debug|Win32.ActiveCfg = Debug|Win32
		{74A131AE-00B8-4EAC-A88D-522D101AFFB3}.Debug|Win32.Build.0 = Debug|Win32
		{74A131AE-00B8-4EAC-A88D-522D101AFFB3}.Debug|x64.ActiveCfg = Debug|x64
		{74A131AE-00B8-4EAC-A88D-522D101AFFB3}.Debug|x64.Build.0 = Debug|x64
		{74A131AE-00B8-4EAC-A88D-522D101AFFB3}.Debug|x64.Deploy.0 = Debug|x64
		{74A131AE-00B8-4EAC-A88D-522D101AFFB3}.Release|Win32.ActiveCfg = Release|Win32
		{74A131AE-00B8-4EAC-A88D-522D101AFFB3}.Release|Win32.Build.0 = Release|Win32
		{74A131AE-00B8-4EAC-A88D-522D101AFFB3}.Release|Win32.Deploy.0 = Release|Win32
		{74A131AE-00B8-4EAC-A88D-522D101AFFB3}.Release|x64.ActiveCfg = Release|x64
		{74A131AE-00B8-4EAC-A88D-522D101AFFB3}.Release|x64.Build.0 = Release|x64
		{74A131AE-00B8-4EAC-A88D-522D101AFFB3}.Release|x64.Deploy.0 = Release|x64
		{D38CBD69-C4B6-4B5B-BD5C-DA6C0D5BDA54}.Debug|Win32.ActiveCfg = Debug|Win32
		{D38CBD69-C4B6-4B5B-BD5C-DA6C0D5BDA54}.Debug|Win32.Build.0 = Debug|Win32
		{D38CBD69-C4B6-4B5B-BD5C-DA6C0D5BDA54}.Debug|Win32.Deploy.0 = Debug|Win32
		{D38CBD69-C4B6-4B5B-BD5C-DA6C0D5BDA54}.Debug|x64.ActiveCfg = Debug|x64
		{D38CBD69-C4B6-4B5B-BD5C-DA6C0D5BDA54}.Debug|x64.Build.0 = Debug|x64
		{D38CBD69-C4B6-4B5B-BD5C-DA6C0D5BDA54}.Debug|x64.Deploy.0 = Debug|x64
		{D38CBD69-C4B6-4B5B-BD5C-DA6C0D5BDA54}.Release|Win32.ActiveCfg = Release|Win32
		{D38CBD69-C4B6-4B5B-BD5C-DA6C0D5BDA54}.Release|Win32.Build.0 = Release|Win32
		{D38CBD69-C4B6-4B5B-BD5C-DA6C0D5BDA54}.Release|Win32.Deploy.0 = Release|Win32
		{D38CBD69-C4B6-4B5B-BD5C-DA6C0D5BDA54}.Release|x64.ActiveCfg = Release|x64
		{D38CBD69-C4B6-4B5B-BD5C-DA6C0D5BDA54}.Release|x64.Build.0 = Release|x64
		{D38CBD69-C4B6-4B5B-BD5C-DA6C0D5BDA54}.Release|x64.Deploy.0 = Release|x64
		{9E01FD92-FD10-4E2B-B2A4-6F7D232537A1}.Debug|Win32.ActiveCfg = Debug|Win32
		{9E01FD92-FD10-4E2B-B2A4-6F7D232537A1}.Debug|Win32.Build.0 = Debug|Win32
		{9E01FD92-FD10-4E2B-B2A4-6F7D232537A1}.Debug|x64.ActiveCfg = Debug|x64
		{9E01FD92-FD10-4E2B-B2A4-6F7D232537A1}.Debug|x64.Build.0 = Debug|x64
		{9E01FD92-FD10-4E2B-B2A4-6F7D232537A1}.Debug|x64.Deploy.0 = Debug|x64
		{9E01FD92-FD10-4E2B-B2A4-6F7D232537A1}.Release|Win32.ActiveCfg = Release|Win32
		{9E01FD92-FD10-4E2B-B2A4-6F7D232537A1}.Release|Win32.Build.0 = Release|Win32
		{9E01FD92-FD10-4E2B-B2A4-6F7D232537A1}.Release|Win32.Deploy.0 = Release|Win32
		{9E01FD92-FD10-4E2B-B2A4-6F7D232537A1}.Release|x64.ActiveCfg = Release|x64
		{9E01FD92-FD10-4E2B-B2A4-6F7D232537A1}.Release|x64.Build.0 = Release|x64
		{9E01FD92-FD10-4E2B-B2A4-6F7D232537A1}.Release|x64.Deploy.0 = Release|x64
		{41FC7AFF-C6C7-4B17-83DE-845F32F71567}.Debug|Win32.ActiveCfg = Debug|Win32
		{41FC7AFF-C6C7-4B17-83DE-845F32F71567}.Debug|Win32.Build.0 = Debug|Win32
		{41FC7AFF-C6C7-4B17-83DE-845F32F71567}.Debug|Win32.Deploy.0 = Debug|Win32
		{41FC7AFF-C6C7-4B17-83DE-845F32F71567}.Debug|x64.ActiveCfg = Debug|x64
		{41FC7AFF-C6C7-4B17-83DE-845F32F71567}.Debug|x64.Build.0 = Debug|x64
		{41FC7AFF-C6C7-4B17-83DE-845F32F71567}.Release|Win32.ActiveCfg = Release|Win32
		{41FC7AFF-C6C7-4B17-83DE-845F32F71567}.Release|Win32.Build.0 = Release|Win32
		{41FC7AFF-C6C7-4B17-83DE-845F32F71567}.Release|Win32.Deploy.0 = Release|Win32
		{41FC7AFF-C6C7-4B17-83DE-845F32F71567}.Release|x64.ActiveCfg = Release|x64
		{41FC7AFF-C6C7-4B17-83DE-845F32F71567}.Release|x64.Build.0 = Release|x64
		{3AC1B75F-B6E5-4D06-96A5-37DF07261530}.Debug|Win32.ActiveCfg = Debug|Win32
		{3AC1B75F-B6E5-4D06-96A5-37DF07261530}.Debug|Win32.Build.0 = Debug|Win32
		{3AC1B75F-B6E5-4D06-96A5-37DF07261530}.Debug|x64.ActiveCfg = Debug|x64
		{3AC1B75F-B6E5-4D06-96A5-37DF07261530}.Debug|x64.Build.0 = Debug|x64
		{3AC1B75F-B6E5-4D06-96A5-37DF07261530}.Release|Win32.ActiveCfg = Release|Win32
		{3AC1B75F-B6E5-4D06-96A5-37DF07261530}.Release|Win32.Build.0 = Release|Win32
		{3AC1B75F-B6E5-4D06-96A5-37DF07261530}.Release|x64.ActiveCfg = Release|x64
		{3AC1B75F-B6E5-4D06-96A5-37DF07261530}.Release|x64.Build.0 = Release|x64
		{6B3A2E40-DA36-4E88-8266-F740C8AC5067}.Debug|Win32.ActiveCfg = Debug|Win32
		{6B3A2E40-DA36-4E88-8266-F740C8AC5067}.Debug|Win32.Build.0 = Debug|Win32
		{6B3A2E40-DA36-4E88-8266-F740C8AC5067}.Debug|x64.ActiveCfg = Debug|x64
		{6B3A2E40-DA36-4E88-8266-F740C8AC5067}.Debug|x64.Build.0 = Debug|x64
		{6B3A2E40-DA36-4E88-8266-F740C8AC5067}.Release|Win32.ActiveCfg = Release|Win32
		{6B3A2E40-DA36-4E88-8266-F740C8AC5067}.Release|Win32.Build.0 = Release|Win32
		{6B3A2E40-DA36-4E88-8266-F740C8AC5067}.Release|Win32.Deploy.0 = Release|Win32
		{6B3A2E40-DA36-4E88-8266-F740C8AC5067}.Release|x64.ActiveCfg = Release|x64
		{6B3A2E40-DA36-4E88-8266-F740C8AC5067}.Release|x64.Build.0 = Release|x64
		{E942FD32-DB3F-4C40-AEEE-D10350FAD15D}.Debug|Win32.ActiveCfg = Debug|Win32
		{E942FD32-DB3F-4C40-AEEE-D10350FAD15D}.Debug|Win32.Build.0 = Debug|Win32
		{E942FD32-DB3F-4C40-AEEE-D10350FAD15D}.Debug|x64.ActiveCfg = Debug|x64
		{E942FD32-DB3F-4C40-AEEE-D10350FAD15D}.Debug|x64.Build.0 = Debug|x64
		{E942FD32-DB3F-4C40-AEEE-D10350FAD15D}.Release|Win32.ActiveCfg = Release|Win32
		{E942FD32-DB3F-4C40-AEEE-D10350FAD15D}.Release|Win32.Build.0 = Release|Win32
		{E942FD32-DB3F-4C40-AEEE-D10350FAD15D}.Release|Win32.Deploy.0 = Release|Win32
		{E942FD32-DB3F-4C40-AEEE-D10350FAD15D}.Release|x64.ActiveCfg = Release|x64
		{E942FD32-DB3F-4C40-AEEE-D10350FAD15D}.Release|x64.Build.0 = Release|x64
		{C47A4EBA-7B59-492D-AA9C-CB99A4CD1E8B}.Debug|Win32.ActiveCfg = Debug|Win32
		{C47A4EBA-7B59-492D-AA9C-CB99A4CD1E8B}.Debug|Win32.Build.0 = Debug|Win32
		{C47A4EBA-7B59-492D-AA9C-CB99A4CD1E8B}.Debug|Win32.Deploy.0 = Debug|Win32
		{C47A4EBA-7B59-492D-AA9C-CB99A4CD1E8B}.Debug|x64.ActiveCfg = Debug|x64
		{C47A4EBA-7B59-492D-AA9C-CB99A4CD1E8B}.Debug|x64.Build.0 = Debug|x64
		{C47A4EBA-7B59-492D-AA9C-CB99A4CD1E8B}.Release|Win32.ActiveCfg = Release|Win32
		{C47A4EBA-7B59-492D-AA9C-CB99A4CD1E8B}.Release|Win32.Build.0 = Release|Win32
		{C47A4EBA-7B59-492D-AA9C-CB99A4CD1E8B}.Release|Win32.Deploy.0 = Release|Win32
		{C47A4EBA-7B59-492D-AA9C-CB99A4CD1E8B}.Release|x64.ActiveCfg = Release|x64
		{C47A4EBA-7B59-492D-AA9C-CB99A4CD1E8B}.Release|x64.Build.0 = Release|x64
		{F6F295BD-754A-4B34-A468-BB66E0BEEFF5}.Debug|Win32.ActiveCfg = Debug|Win32
		{F6F295BD-754A-4B34-A468-BB66E0BEEFF5}.Debug|Win32.Build.0 = Debug|Win32
		{F6F295BD-754A-4B34-A468-BB66E0BEEFF5}.Debug|x64.ActiveCfg = Debug|x64
		{F6F295BD-754A-4B34-A468-BB66E0BEEFF5}.Debug|x64.Build.0 = Debug|x64
		{F6F295BD-754A-4B34-A468-BB66E0BEEFF5}.Release|Win32.ActiveCfg = Release|Win32
		{F6F295BD-754A-4B34-A468-BB66E0BEEFF5}.Release|Win32.Build.0 = Release|Win32
		{F6F295BD-754A-4B34-A468-BB66E0BEEFF5}.Release|x64.ActiveCfg = Release|x64
		{F6F295BD-754A-4B34-A468-BB66E0BEEFF5}.Release|x64.Build.0 = Release|x64
		{56AA9E2D-31D9-4E2A-AE9B-A508F830B7A3}.Debug|Win32.ActiveCfg = Debug|Win32
		{56AA9E2D-31D9-4E2A-AE9B-A508F830B7A3}.Debug|Win32.Build.0 = Debug|Win32
		{56AA9E2D-31D9-4E2A-AE9B-A508F830B7A3}.Debug|Win32.Deploy.0 = Debug|Win32
		{56AA9E2D-31D9-4E2A-AE9B-A508F830B7A3}.Debug|x64.ActiveCfg = Debug|x64
		{56AA9E2D-31D9-4E2A-AE9B-A508F830B7A3}.Debug|x64.Build.0 = Debug|x64
		{56AA9E2D-31D9-4E2A-AE9B-A508F830B7A3}.Debug|x64.Deploy.0 = Debug|x64
		{56AA9E2D-31D9-4E2A-AE9B-A508F830B7A3}.Release|Win32.ActiveCfg = Release|Win32
		{56AA9E2D-31D9-4E2A-AE9B-A508F830B7A3}.Release|Win32.Build.0 = Release|Win32
		{56AA9E2D-31D9-4E2A-AE9B-A508F830B7A3}.Release|x64.ActiveCfg = Release|x64
		{56AA9E2D-31D9-4E2A-AE9B-A508F830B7A3}.Release|x64.Build.0 = Release|x64
		{56AA9E2D-31D9-4E2A-AE9B-A508F830B7A3}.Release|x64.Deploy.0 = Release|x64
		{EEE24F09-4526-4AB6-A6F4-8F5AC44E4557}.Debug|Win32.ActiveCfg = Debug|Win32
		{EEE24F09-4526-4AB6-A6F4-8F5AC44E4557}.Debug|Win32.Build.0 = Debug|Win32
		{EEE24F09-4526-4AB6-A6F4-8F5AC44E4557}.Debug|x64.ActiveCfg = Debug|x64
		{EEE24F09-4526-4AB6-A6F4-8F5AC44E4557}.Debug|x64.Build.0 = Debug|x64
		{EEE24F09-4526-4AB6-A6F4-8F5AC44E4557}.Debug|x64.Deploy.0 = Debug|x64
		{EEE24F09-4526-4AB6-A6F4-8F5AC44E4557}.Release|Win32.ActiveCfg = Release|Win32
		{EEE24F09-4526-4AB6-A6F4-8F5AC44E4557}.Release|Win32.Build.0 = Release|Win32
		{EEE24F09-4526-4AB6-A6F4-8F5AC44E4557}.Release|x64.ActiveCfg = Release|x64
		{EEE24F09-4526-4AB6-A6F4-8F5AC44E4557}.Release|x64.Build.0 = Release|x64
		{EEE24F09-4526-4AB6-A6F4-8F5AC44E4557}.Release|x64.Deploy.0 = Release|x64
	EndGlobalSection
	GlobalSection(SolutionProperties) = preSolution
		HideSolutionNode = FALSE
	EndGlobalSection
	GlobalSection(NestedProjects) = preSolution
		{8583656C-5F50-450D-A76B-B270D0AD23FB} = {15291E7E-1C0A-4251-AA0D-FE52300F6B5C}
		{74A131AE-00B8-4EAC-A88D-522D101AFFB3} = {8B9D5475-7205-48B9-BDB4-926071D2A295}
		{D38CBD69-C4B6-4B5B-BD5C-DA6C0D5BDA54} = {915D535D-7165-4069-878B-592F9395C17E}
		{9E01FD92-FD10-4E2B-B2A4-6F7D232537A1} = {DA90BC98-CE92-4786-973F-B53E95E27689}
		{41FC7AFF-C6C7-4B17-83DE-845F32F71567} = {1652AF20-47C7-45A9-8A94-3E69A4083F6B}
		{3AC1B75F-B6E5-4D06-96A5-37DF07261530} = {F40EF68A-65E5-4245-9743-D9B1A37F3A86}
		{6B3A2E40-DA36-4E88-8266-F740C8AC5067} = {6132498C-631B-49B6-8F30-A1A0ED52327F}
		{E942FD32-DB3F-4C40-AEEE-D10350FAD15D} = {C23185D1-446A-4813-B83D-76827DBD4A38}
		{C47A4EBA-7B59-492D-AA9C-CB99A4CD1E8B} = {07630A3F-4F79-4286-A295-48DBB4AEE99C}
		{F6F295BD-754A-4B34-A468-BB66E0BEEFF5} = {3EF24863-48FD-48D9-958E-FB2F2491C037}
	EndGlobalSection
EndGlobal
